
Microsoft Visual Studio Solution File, Format Version 12.00
# Visual Studio Version 16
VisualStudioVersion = 16.0.29609.76
MinimumVisualStudioVersion = 10.0.40219.1
Project("{FAE04EC0-301F-11D3-BF4B-00C04F79EFBC}") = "EventAggregator", "EventAggregator\EventAggregator.csproj", "{10DA862F-7134-41C1-92DD-FE1CB2065F4F}"
EndProject
Global
	GlobalSection(SolutionConfigurationPlatforms) = preSolution
		Debug|Any CPU = Debug|Any CPU
		Release|Any CPU = Release|Any CPU
	EndGlobalSection
	GlobalSection(ProjectConfigurationPlatforms) = postSolution
		{10DA862F-7134-41C1-92DD-FE1CB2065F4F}.Debug|Any CPU.ActiveCfg = Debug|Any CPU
		{10DA862F-7134-41C1-92DD-FE1CB2065F4F}.Debug|Any CPU.Build.0 = Debug|Any CPU
		{10DA862F-7134-41C1-92DD-FE1CB2065F4F}.Release|Any CPU.ActiveCfg = Release|Any CPU
		{10DA862F-7134-41C1-92DD-FE1CB2065F4F}.Release|Any CPU.Build.0 = Release|Any CPU
	EndGlobalSection
	GlobalSection(SolutionProperties) = preSolution
		HideSolutionNode = FALSE
	EndGlobalSection
	GlobalSection(ExtensibilityGlobals) = postSolution
		SolutionGuid = {CB790BD8-B297-4AFD-AC49-82D4F8B5D038}
	EndGlobalSection
EndGlobal
